
Microsoft Visual Studio Solution File, Format Version 12.00
# Visual Studio 14
VisualStudioVersion = 14.0.24720.0
MinimumVisualStudioVersion = 10.0.40219.1
Project("{FAE04EC0-301F-11D3-BF4B-00C04F79EFBC}") = "HelloSample", "HelloSample\HelloSample.csproj", "{437C3697-05CE-47D3-8208-1F97217EDDC8}"
EndProject
Project("{FAE04EC0-301F-11D3-BF4B-00C04F79EFBC}") = "HelloLED", "HelloLED\HelloLED.csproj", "{1A39D7C4-39A8-4006-9602-CFA4EA08EB26}"
EndProject
Project("{FAE04EC0-301F-11D3-BF4B-00C04F79EFBC}") = "HelloServo", "HelloServo\HelloServo.csproj", "{4FACA334-4AC4-488A-A8B7-D2B86E19805B}"
EndProject
Project("{FAE04EC0-301F-11D3-BF4B-00C04F79EFBC}") = "HelloMotor", "HelloMotor\HelloMotor.csproj", "{6AF0546A-E741-4B09-8513-D5E54CB56641}"
EndProject
Global
	GlobalSection(SolutionConfigurationPlatforms) = preSolution
		Debug|ARM = Debug|ARM
		Debug|x64 = Debug|x64
		Debug|x86 = Debug|x86
		Release|ARM = Release|ARM
		Release|x64 = Release|x64
		Release|x86 = Release|x86
	EndGlobalSection
	GlobalSection(ProjectConfigurationPlatforms) = postSolution
		{437C3697-05CE-47D3-8208-1F97217EDDC8}.Debug|ARM.ActiveCfg = Debug|ARM
		{437C3697-05CE-47D3-8208-1F97217EDDC8}.Debug|ARM.Build.0 = Debug|ARM
		{437C3697-05CE-47D3-8208-1F97217EDDC8}.Debug|ARM.Deploy.0 = Debug|ARM
		{437C3697-05CE-47D3-8208-1F97217EDDC8}.Debug|x64.ActiveCfg = Debug|x64
		{437C3697-05CE-47D3-8208-1F97217EDDC8}.Debug|x64.Build.0 = Debug|x64
		{437C3697-05CE-47D3-8208-1F97217EDDC8}.Debug|x64.Deploy.0 = Debug|x64
		{437C3697-05CE-47D3-8208-1F97217EDDC8}.Debug|x86.ActiveCfg = Debug|x86
		{437C3697-05CE-47D3-8208-1F97217EDDC8}.Debug|x86.Build.0 = Debug|x86
		{437C3697-05CE-47D3-8208-1F97217EDDC8}.Debug|x86.Deploy.0 = Debug|x86
		{437C3697-05CE-47D3-8208-1F97217EDDC8}.Release|ARM.ActiveCfg = Release|ARM
		{437C3697-05CE-47D3-8208-1F97217EDDC8}.Release|ARM.Build.0 = Release|ARM
		{437C3697-05CE-47D3-8208-1F97217EDDC8}.Release|ARM.Deploy.0 = Release|ARM
		{437C3697-05CE-47D3-8208-1F97217EDDC8}.Release|x64.ActiveCfg = Release|x64
		{437C3697-05CE-47D3-8208-1F97217EDDC8}.Release|x64.Build.0 = Release|x64
		{437C3697-05CE-47D3-8208-1F97217EDDC8}.Release|x64.Deploy.0 = Release|x64
		{437C3697-05CE-47D3-8208-1F97217EDDC8}.Release|x86.ActiveCfg = Release|x86
		{437C3697-05CE-47D3-8208-1F97217EDDC8}.Release|x86.Build.0 = Release|x86
		{437C3697-05CE-47D3-8208-1F97217EDDC8}.Release|x86.Deploy.0 = Release|x86
		{1A39D7C4-39A8-4006-9602-CFA4EA08EB26}.Debug|ARM.ActiveCfg = Debug|ARM
		{1A39D7C4-39A8-4006-9602-CFA4EA08EB26}.Debug|ARM.Build.0 = Debug|ARM
		{1A39D7C4-39A8-4006-9602-CFA4EA08EB26}.Debug|ARM.Deploy.0 = Debug|ARM
		{1A39D7C4-39A8-4006-9602-CFA4EA08EB26}.Debug|x64.ActiveCfg = Debug|x64
		{1A39D7C4-39A8-4006-9602-CFA4EA08EB26}.Debug|x64.Build.0 = Debug|x64
		{1A39D7C4-39A8-4006-9602-CFA4EA08EB26}.Debug|x64.Deploy.0 = Debug|x64
		{1A39D7C4-39A8-4006-9602-CFA4EA08EB26}.Debug|x86.ActiveCfg = Debug|x86
		{1A39D7C4-39A8-4006-9602-CFA4EA08EB26}.Debug|x86.Build.0 = Debug|x86
		{1A39D7C4-39A8-4006-9602-CFA4EA08EB26}.Debug|x86.Deploy.0 = Debug|x86
		{1A39D7C4-39A8-4006-9602-CFA4EA08EB26}.Release|ARM.ActiveCfg = Release|ARM
		{1A39D7C4-39A8-4006-9602-CFA4EA08EB26}.Release|ARM.Build.0 = Release|ARM
		{1A39D7C4-39A8-4006-9602-CFA4EA08EB26}.Release|ARM.Deploy.0 = Release|ARM
		{1A39D7C4-39A8-4006-9602-CFA4EA08EB26}.Release|x64.ActiveCfg = Release|x64
		{1A39D7C4-39A8-4006-9602-CFA4EA08EB26}.Release|x64.Build.0 = Release|x64
		{1A39D7C4-39A8-4006-9602-CFA4EA08EB26}.Release|x64.Deploy.0 = Release|x64
		{1A39D7C4-39A8-4006-9602-CFA4EA08EB26}.Release|x86.ActiveCfg = Release|x86
		{1A39D7C4-39A8-4006-9602-CFA4EA08EB26}.Release|x86.Build.0 = Release|x86
		{1A39D7C4-39A8-4006-9602-CFA4EA08EB26}.Release|x86.Deploy.0 = Release|x86
		{4FACA334-4AC4-488A-A8B7-D2B86E19805B}.Debug|ARM.ActiveCfg = Debug|ARM
		{4FACA334-4AC4-488A-A8B7-D2B86E19805B}.Debug|ARM.Build.0 = Debug|ARM
		{4FACA334-4AC4-488A-A8B7-D2B86E19805B}.Debug|ARM.Deploy.0 = Debug|ARM
		{4FACA334-4AC4-488A-A8B7-D2B86E19805B}.Debug|x64.ActiveCfg = Debug|x64
		{4FACA334-4AC4-488A-A8B7-D2B86E19805B}.Debug|x64.Build.0 = Debug|x64
		{4FACA334-4AC4-488A-A8B7-D2B86E19805B}.Debug|x64.Deploy.0 = Debug|x64
		{4FACA334-4AC4-488A-A8B7-D2B86E19805B}.Debug|x86.ActiveCfg = Debug|x86
		{4FACA334-4AC4-488A-A8B7-D2B86E19805B}.Debug|x86.Build.0 = Debug|x86
		{4FACA334-4AC4-488A-A8B7-D2B86E19805B}.Debug|x86.Deploy.0 = Debug|x86
		{4FACA334-4AC4-488A-A8B7-D2B86E19805B}.Release|ARM.ActiveCfg = Release|ARM
		{4FACA334-4AC4-488A-A8B7-D2B86E19805B}.Release|ARM.Build.0 = Release|ARM
		{4FACA334-4AC4-488A-A8B7-D2B86E19805B}.Release|ARM.Deploy.0 = Release|ARM
		{4FACA334-4AC4-488A-A8B7-D2B86E19805B}.Release|x64.ActiveCfg = Release|x64
		{4FACA334-4AC4-488A-A8B7-D2B86E19805B}.Release|x64.Build.0 = Release|x64
		{4FACA334-4AC4-488A-A8B7-D2B86E19805B}.Release|x64.Deploy.0 = Release|x64
		{4FACA334-4AC4-488A-A8B7-D2B86E19805B}.Release|x86.ActiveCfg = Release|x86
		{4FACA334-4AC4-488A-A8B7-D2B86E19805B}.Release|x86.Build.0 = Release|x86
		{4FACA334-4AC4-488A-A8B7-D2B86E19805B}.Release|x86.Deploy.0 = Release|x86
		{6AF0546A-E741-4B09-8513-D5E54CB56641}.Debug|ARM.ActiveCfg = Debug|ARM
		{6AF0546A-E741-4B09-8513-D5E54CB56641}.Debug|ARM.Build.0 = Debug|ARM
		{6AF0546A-E741-4B09-8513-D5E54CB56641}.Debug|ARM.Deploy.0 = Debug|ARM
		{6AF0546A-E741-4B09-8513-D5E54CB56641}.Debug|x64.ActiveCfg = Debug|x64
		{6AF0546A-E741-4B09-8513-D5E54CB56641}.Debug|x64.Build.0 = Debug|x64
		{6AF0546A-E741-4B09-8513-D5E54CB56641}.Debug|x64.Deploy.0 = Debug|x64
		{6AF0546A-E741-4B09-8513-D5E54CB56641}.Debug|x86.ActiveCfg = Debug|x86
		{6AF0546A-E741-4B09-8513-D5E54CB56641}.Debug|x86.Build.0 = Debug|x86
		{6AF0546A-E741-4B09-8513-D5E54CB56641}.Debug|x86.Deploy.0 = Debug|x86
		{6AF0546A-E741-4B09-8513-D5E54CB56641}.Release|ARM.ActiveCfg = Release|ARM
		{6AF0546A-E741-4B09-8513-D5E54CB56641}.Release|ARM.Build.0 = Release|ARM
		{6AF0546A-E741-4B09-8513-D5E54CB56641}.Release|ARM.Deploy.0 = Release|ARM
		{6AF0546A-E741-4B09-8513-D5E54CB56641}.Release|x64.ActiveCfg = Release|x64
		{6AF0546A-E741-4B09-8513-D5E54CB56641}.Release|x64.Build.0 = Release|x64
		{6AF0546A-E741-4B09-8513-D5E54CB56641}.Release|x64.Deploy.0 = Release|x64
		{6AF0546A-E741-4B09-8513-D5E54CB56641}.Release|x86.ActiveCfg = Release|x86
		{6AF0546A-E741-4B09-8513-D5E54CB56641}.Release|x86.Build.0 = Release|x86
		{6AF0546A-E741-4B09-8513-D5E54CB56641}.Release|x86.Deploy.0 = Release|x86
	EndGlobalSection
	GlobalSection(SolutionProperties) = preSolution
		HideSolutionNode = FALSE
	EndGlobalSection
EndGlobal
